{
  "sources": {
    "logstash": {
      "path": "."
    },
    "logrotate": {
      "locked_version": "1.5.0"
    },
    "yum": {
      "locked_version": "3.2.0"
    },
    "java": {
      "locked_version": "1.22.0"
    },
    "build-essential": {
      "locked_version": "2.0.0"
    },
    "runit": {
      "locked_version": "1.0.6"
    },
    "apache2": {
      "locked_version": "1.2.0"
    },
    "yumrepo": {
      "locked_version": "0.16.6",
      "git": "git://github.com/bryanwb/cookbook-yumrepo.git",
      "ref": "865e009b1f131bb85fa706ebc1c426dade2bbd62"
    },
    "rbenv": {
      "locked_version": "1.7.1",
      "git": "git://github.com/RiotGames/rbenv-cookbook.git",
      "ref": "5ad5b5bec6002f7178060972bbc75f302fc37f57"
    },
    "rabbitmq": {
      "locked_version": "3.2.1",
      "git": "git://github.com/opscode-cookbooks/rabbitmq.git",
      "ref": "1eb523417840bbaf8a85a92d3aa7b61214ddb3e9"
    },
    "minitest-handler": {
      "locked_version": "1.2.1",
      "git": "git://github.com/btm/minitest-handler-cookbook.git",
      "ref": "927aea60705339db0d71de8e4d8314cb8f419fc3"
    },
    "elasticsearch": {
      "locked_version": "0.3.8",
      "git": "git@github.com:ninefold/chef-elasticsearch.git",
      "ref": "8b79b78be9100f400ddef8f58195b522850c514e"
    },
    "apt": {
      "locked_version": "1.10.0"
    },
    "php": {
      "locked_version": "1.4.6"
    },
    "xml": {
      "locked_version": "1.2.4"
    },
    "mysql": {
      "locked_version": "3.0.0"
    },
    "openssl": {
      "locked_version": "1.0.0"
    },
    "yum-epel": {
      "locked_version": "0.3.6"
    },
    "windows": {
      "locked_version": "1.30.2"
    },
    "chef_handler": {
      "locked_version": "1.1.6"
    },
    "iis": {
      "locked_version": "2.1.2"
    },
    "git": {
      "locked_version": "1.0.2"
    },
    "dmg": {
      "locked_version": "2.2.0"
    },
    "python": {
      "locked_version": "1.4.6"
    },
    "ant": {
      "locked_version": "1.0.2"
    },
    "ark": {
      "locked_version": "0.8.2"
    },
    "discovery": {
      "locked_version": "0.2.0"
    },
    "ruby_installer": {
      "locked_version": "0.1.2"
    },
    "application": {
      "locked_version": "3.0.0"
    },
    "application_ruby": {
      "locked_version": "3.0.2"
    },
    "unicorn": {
      "locked_version": "1.3.0"
    },
    "passenger_apache2": {
      "locked_version": "2.1.0"
    },
    "ohai": {
      "locked_version": "2.0.0"
    },
    "erlang": {
      "locked_version": "1.5.2"
    },
    "yum-erlang_solutions": {
      "locked_version": "0.2.0"
    },
    "monit": {
      "locked_version": "0.7.1"
    }
  }
}
